
Microsoft Visual Studio Solution File, Format Version 12.00
# Visual Studio Version 16
VisualStudioVersion = 16.0.31702.278
MinimumVisualStudioVersion = 10.0.40219.1
Project("{9A19103F-16F7-4668-BE54-9A1E7A4F7556}") = "hw8", "hw8\hw8.csproj", "{32AAB84D-90CC-4C6B-8538-A70F033B03A1}"
EndProject
Project("{FAE04EC0-301F-11D3-BF4B-00C04F79EFBC}") = "Testshw8", "hw8.Tests\Testshw8\Testshw8.csproj", "{84884B19-BA9C-4E57-B1D5-440E86D4DFAA}"
EndProject
Global
	GlobalSection(SolutionConfigurationPlatforms) = preSolution
		Debug|Any CPU = Debug|Any CPU
		Release|Any CPU = Release|Any CPU
	EndGlobalSection
	GlobalSection(ProjectConfigurationPlatforms) = postSolution
		{32AAB84D-90CC-4C6B-8538-A70F033B03A1}.Debug|Any CPU.ActiveCfg = Debug|Any CPU
		{32AAB84D-90CC-4C6B-8538-A70F033B03A1}.Debug|Any CPU.Build.0 = Debug|Any CPU
		{32AAB84D-90CC-4C6B-8538-A70F033B03A1}.Release|Any CPU.ActiveCfg = Release|Any CPU
		{32AAB84D-90CC-4C6B-8538-A70F033B03A1}.Release|Any CPU.Build.0 = Release|Any CPU
		{84884B19-BA9C-4E57-B1D5-440E86D4DFAA}.Debug|Any CPU.ActiveCfg = Debug|Any CPU
		{84884B19-BA9C-4E57-B1D5-440E86D4DFAA}.Debug|Any CPU.Build.0 = Debug|Any CPU
		{84884B19-BA9C-4E57-B1D5-440E86D4DFAA}.Release|Any CPU.ActiveCfg = Release|Any CPU
		{84884B19-BA9C-4E57-B1D5-440E86D4DFAA}.Release|Any CPU.Build.0 = Release|Any CPU
	EndGlobalSection
	GlobalSection(SolutionProperties) = preSolution
		HideSolutionNode = FALSE
	EndGlobalSection
	GlobalSection(ExtensibilityGlobals) = postSolution
		SolutionGuid = {A0032ABF-5C32-434C-99C9-19AEA64DF840}
	EndGlobalSection
EndGlobal
