
Microsoft Visual Studio Solution File, Format Version 12.00
# Visual Studio Version 16
VisualStudioVersion = 16.0.31702.278
MinimumVisualStudioVersion = 10.0.40219.1
Project("{9A19103F-16F7-4668-BE54-9A1E7A4F7556}") = "hw1", "hw1\hw1\hw1\hw1.csproj", "{460818C0-A118-4C2A-A55D-6254AC211379}"
EndProject
Project("{6EC3EE1D-3C4E-46DD-8F32-0CC8E7565705}") = "hw4", "hw4\hw4\hw4.fsproj", "{65628701-BBAE-4116-B429-72DABEE814CC}"
EndProject
Project("{6EC3EE1D-3C4E-46DD-8F32-0CC8E7565705}") = "hw5", "hw5\hw5\hw5.fsproj", "{9B3C0E01-7AE5-4000-BB67-4FA907B471BE}"
EndProject
Project("{9A19103F-16F7-4668-BE54-9A1E7A4F7556}") = "hw7", "hw7\hw7\hw7.csproj", "{2E1AD1D4-4642-47C8-BC22-CB5028AC3EC8}"
EndProject
Project("{9A19103F-16F7-4668-BE54-9A1E7A4F7556}") = "hw8", "hw8\hw8\hw8.csproj", "{98A505F1-9314-4AEF-9E40-0093CE9C5DD9}"
EndProject
Project("{9A19103F-16F7-4668-BE54-9A1E7A4F7556}") = "Testshw8", "hw8\hw8.Tests\Testshw8\Testshw8.csproj", "{92DD6C3D-C2E5-402B-8237-0F247E91C5F8}"
EndProject
Project("{9A19103F-16F7-4668-BE54-9A1E7A4F7556}") = "hw9", "hw9\hw9.csproj", "{96CF6F8A-03FC-4230-B1AC-558351B09EDB}"
EndProject
Project("{6EC3EE1D-3C4E-46DD-8F32-0CC8E7565705}") = "hw6", "hw6\hw6.fsproj", "{D610D18B-1DDE-4671-AB35-55ABEDB9D802}"
EndProject
Project("{9A19103F-16F7-4668-BE54-9A1E7A4F7556}") = "hw10", "hw10\hw10.csproj", "{B1777763-786C-4287-BCD5-04BAD98DCEEA}"
EndProject
Project("{9A19103F-16F7-4668-BE54-9A1E7A4F7556}") = "hw11", "hw11\hw11.csproj", "{866454FC-FE9D-48EC-885B-35F47C7BD98F}"
EndProject
Project("{9A19103F-16F7-4668-BE54-9A1E7A4F7556}") = "hw12", "hw12\hw12.csproj", "{4A70844B-FD71-4BD6-AC1F-133C8F0A64F2}"
EndProject
Project("{9A19103F-16F7-4668-BE54-9A1E7A4F7556}") = "hw13.BenchmarkMethods", "hw13\hw13.BenchmarkMethods\hw13.BenchmarkMethods.csproj", "{6837C07C-B100-4B95-B0D2-2B7482095EFE}"
EndProject
Global
	GlobalSection(SolutionConfigurationPlatforms) = preSolution
		Debug|Any CPU = Debug|Any CPU
		Release|Any CPU = Release|Any CPU
	EndGlobalSection
	GlobalSection(ProjectConfigurationPlatforms) = postSolution
		{460818C0-A118-4C2A-A55D-6254AC211379}.Debug|Any CPU.ActiveCfg = Debug|Any CPU
		{460818C0-A118-4C2A-A55D-6254AC211379}.Debug|Any CPU.Build.0 = Debug|Any CPU
		{460818C0-A118-4C2A-A55D-6254AC211379}.Release|Any CPU.ActiveCfg = Release|Any CPU
		{460818C0-A118-4C2A-A55D-6254AC211379}.Release|Any CPU.Build.0 = Release|Any CPU
		{65628701-BBAE-4116-B429-72DABEE814CC}.Debug|Any CPU.ActiveCfg = Debug|Any CPU
		{65628701-BBAE-4116-B429-72DABEE814CC}.Debug|Any CPU.Build.0 = Debug|Any CPU
		{65628701-BBAE-4116-B429-72DABEE814CC}.Release|Any CPU.ActiveCfg = Release|Any CPU
		{65628701-BBAE-4116-B429-72DABEE814CC}.Release|Any CPU.Build.0 = Release|Any CPU
		{9B3C0E01-7AE5-4000-BB67-4FA907B471BE}.Debug|Any CPU.ActiveCfg = Debug|Any CPU
		{9B3C0E01-7AE5-4000-BB67-4FA907B471BE}.Debug|Any CPU.Build.0 = Debug|Any CPU
		{9B3C0E01-7AE5-4000-BB67-4FA907B471BE}.Release|Any CPU.ActiveCfg = Release|Any CPU
		{9B3C0E01-7AE5-4000-BB67-4FA907B471BE}.Release|Any CPU.Build.0 = Release|Any CPU
		{2E1AD1D4-4642-47C8-BC22-CB5028AC3EC8}.Debug|Any CPU.ActiveCfg = Debug|Any CPU
		{2E1AD1D4-4642-47C8-BC22-CB5028AC3EC8}.Debug|Any CPU.Build.0 = Debug|Any CPU
		{2E1AD1D4-4642-47C8-BC22-CB5028AC3EC8}.Release|Any CPU.ActiveCfg = Release|Any CPU
		{2E1AD1D4-4642-47C8-BC22-CB5028AC3EC8}.Release|Any CPU.Build.0 = Release|Any CPU
		{98A505F1-9314-4AEF-9E40-0093CE9C5DD9}.Debug|Any CPU.ActiveCfg = Debug|Any CPU
		{98A505F1-9314-4AEF-9E40-0093CE9C5DD9}.Debug|Any CPU.Build.0 = Debug|Any CPU
		{98A505F1-9314-4AEF-9E40-0093CE9C5DD9}.Release|Any CPU.ActiveCfg = Release|Any CPU
		{98A505F1-9314-4AEF-9E40-0093CE9C5DD9}.Release|Any CPU.Build.0 = Release|Any CPU
		{92DD6C3D-C2E5-402B-8237-0F247E91C5F8}.Debug|Any CPU.ActiveCfg = Debug|Any CPU
		{92DD6C3D-C2E5-402B-8237-0F247E91C5F8}.Debug|Any CPU.Build.0 = Debug|Any CPU
		{92DD6C3D-C2E5-402B-8237-0F247E91C5F8}.Release|Any CPU.ActiveCfg = Release|Any CPU
		{92DD6C3D-C2E5-402B-8237-0F247E91C5F8}.Release|Any CPU.Build.0 = Release|Any CPU
		{96CF6F8A-03FC-4230-B1AC-558351B09EDB}.Debug|Any CPU.ActiveCfg = Debug|Any CPU
		{96CF6F8A-03FC-4230-B1AC-558351B09EDB}.Debug|Any CPU.Build.0 = Debug|Any CPU
		{96CF6F8A-03FC-4230-B1AC-558351B09EDB}.Release|Any CPU.ActiveCfg = Release|Any CPU
		{96CF6F8A-03FC-4230-B1AC-558351B09EDB}.Release|Any CPU.Build.0 = Release|Any CPU
		{D610D18B-1DDE-4671-AB35-55ABEDB9D802}.Debug|Any CPU.ActiveCfg = Debug|Any CPU
		{D610D18B-1DDE-4671-AB35-55ABEDB9D802}.Debug|Any CPU.Build.0 = Debug|Any CPU
		{D610D18B-1DDE-4671-AB35-55ABEDB9D802}.Release|Any CPU.ActiveCfg = Release|Any CPU
		{D610D18B-1DDE-4671-AB35-55ABEDB9D802}.Release|Any CPU.Build.0 = Release|Any CPU
		{B1777763-786C-4287-BCD5-04BAD98DCEEA}.Debug|Any CPU.ActiveCfg = Debug|Any CPU
		{B1777763-786C-4287-BCD5-04BAD98DCEEA}.Debug|Any CPU.Build.0 = Debug|Any CPU
		{B1777763-786C-4287-BCD5-04BAD98DCEEA}.Release|Any CPU.ActiveCfg = Release|Any CPU
		{B1777763-786C-4287-BCD5-04BAD98DCEEA}.Release|Any CPU.Build.0 = Release|Any CPU
		{866454FC-FE9D-48EC-885B-35F47C7BD98F}.Debug|Any CPU.ActiveCfg = Debug|Any CPU
		{866454FC-FE9D-48EC-885B-35F47C7BD98F}.Debug|Any CPU.Build.0 = Debug|Any CPU
		{866454FC-FE9D-48EC-885B-35F47C7BD98F}.Release|Any CPU.ActiveCfg = Release|Any CPU
		{866454FC-FE9D-48EC-885B-35F47C7BD98F}.Release|Any CPU.Build.0 = Release|Any CPU
		{4A70844B-FD71-4BD6-AC1F-133C8F0A64F2}.Debug|Any CPU.ActiveCfg = Debug|Any CPU
		{4A70844B-FD71-4BD6-AC1F-133C8F0A64F2}.Debug|Any CPU.Build.0 = Debug|Any CPU
		{4A70844B-FD71-4BD6-AC1F-133C8F0A64F2}.Release|Any CPU.ActiveCfg = Release|Any CPU
		{4A70844B-FD71-4BD6-AC1F-133C8F0A64F2}.Release|Any CPU.Build.0 = Release|Any CPU
		{6837C07C-B100-4B95-B0D2-2B7482095EFE}.Debug|Any CPU.ActiveCfg = Debug|Any CPU
		{6837C07C-B100-4B95-B0D2-2B7482095EFE}.Debug|Any CPU.Build.0 = Debug|Any CPU
		{6837C07C-B100-4B95-B0D2-2B7482095EFE}.Release|Any CPU.ActiveCfg = Release|Any CPU
		{6837C07C-B100-4B95-B0D2-2B7482095EFE}.Release|Any CPU.Build.0 = Release|Any CPU
	EndGlobalSection
	GlobalSection(SolutionProperties) = preSolution
		HideSolutionNode = FALSE
	EndGlobalSection
	GlobalSection(ExtensibilityGlobals) = postSolution
		SolutionGuid = {FF72118C-619C-4012-AD9B-A91755150131}
	EndGlobalSection
EndGlobal
